// !$*UTF8*$!
{
	archiveVersion = 1;
	classes = {
	};
	objectVersion = 50;
	objects = {

/* Begin PBXBuildFile section */
		191E602A25BE087800980275 /* __core.cpp in Sources */ = {isa = PBXBuildFile; fileRef = 191E5F2125BE087800980275 /* __core.cpp */; };
		193D353225BB9FEF00D50C9E /* CoreFoundation.framework in Frameworks */ = {isa = PBXBuildFile; fileRef = 193D353125BB9FEF00D50C9E /* CoreFoundation.framework */; };
		193D353425BBA01D00D50C9E /* CoreMIDI.framework in Frameworks */ = {isa = PBXBuildFile; fileRef = 193D353325BBA01D00D50C9E /* CoreMIDI.framework */; };
		193D353625BBA03800D50C9E /* CoreAudio.framework in Frameworks */ = {isa = PBXBuildFile; fileRef = 193D353525BBA03800D50C9E /* CoreAudio.framework */; };
		1982F6F023F473F900FE2CE5 /* GLUT.framework in Frameworks */ = {isa = PBXBuildFile; fileRef = 1982F6EF23F473F900FE2CE5 /* GLUT.framework */; };
		1982F6F223F473FF00FE2CE5 /* OpenGL.framework in Frameworks */ = {isa = PBXBuildFile; fileRef = 1982F6F123F473FF00FE2CE5 /* OpenGL.framework */; };
/* End PBXBuildFile section */

/* Begin PBXCopyFilesBuildPhase section */
		1982F6CE23F4732200FE2CE5 /* CopyFiles */ = {
			isa = PBXCopyFilesBuildPhase;
			buildActionMask = 2147483647;
			dstPath = /usr/share/man/man1/;
			dstSubfolderSpec = 0;
			files = (
			);
			runOnlyForDeploymentPostprocessing = 1;
		};
/* End PBXCopyFilesBuildPhase section */

/* Begin PBXFileReference section */
		191E586725BE087500980275 /* _shader.h */ = {isa = PBXFileReference; fileEncoding = 4; lastKnownFileType = sourcecode.c.h; path = _shader.h; sourceTree = "<group>"; };
		191E586825BE087500980275 /* _basic.h */ = {isa = PBXFileReference; fileEncoding = 4; lastKnownFileType = sourcecode.c.h; path = _basic.h; sourceTree = "<group>"; };
		191E586925BE087500980275 /* _util.h */ = {isa = PBXFileReference; fileEncoding = 4; lastKnownFileType = sourcecode.c.h; path = _util.h; sourceTree = "<group>"; };
		191E5F2125BE087800980275 /* __core.cpp */ = {isa = PBXFileReference; fileEncoding = 4; lastKnownFileType = sourcecode.cpp.cpp; path = __core.cpp; sourceTree = "<group>"; };
		191E5F2325BE087800980275 /* _midi.h */ = {isa = PBXFileReference; fileEncoding = 4; lastKnownFileType = sourcecode.c.h; path = _midi.h; sourceTree = "<group>"; };
		193D353125BB9FEF00D50C9E /* CoreFoundation.framework */ = {isa = PBXFileReference; lastKnownFileType = wrapper.framework; name = CoreFoundation.framework; path = System/Library/Frameworks/CoreFoundation.framework; sourceTree = SDKROOT; };
		193D353325BBA01D00D50C9E /* CoreMIDI.framework */ = {isa = PBXFileReference; lastKnownFileType = wrapper.framework; name = CoreMIDI.framework; path = System/Library/Frameworks/CoreMIDI.framework; sourceTree = SDKROOT; };
		193D353525BBA03800D50C9E /* CoreAudio.framework */ = {isa = PBXFileReference; lastKnownFileType = wrapper.framework; name = CoreAudio.framework; path = System/Library/Frameworks/CoreAudio.framework; sourceTree = SDKROOT; };
		193DA33625BE15DB00C152BE /* _structs.h */ = {isa = PBXFileReference; fileEncoding = 4; lastKnownFileType = sourcecode.c.h; path = _structs.h; sourceTree = "<group>"; };
		193DA33725BE1F0900C152BE /* program.h */ = {isa = PBXFileReference; fileEncoding = 4; lastKnownFileType = sourcecode.c.h; name = program.h; path = MicroFramework/program.h; sourceTree = "<group>"; };
		1982F6D023F4732200FE2CE5 /* MicroFramework */ = {isa = PBXFileReference; explicitFileType = "compiled.mach-o.executable"; includeInIndex = 0; path = MicroFramework; sourceTree = BUILT_PRODUCTS_DIR; };
		1982F6EF23F473F900FE2CE5 /* GLUT.framework */ = {isa = PBXFileReference; lastKnownFileType = wrapper.framework; name = GLUT.framework; path = System/Library/Frameworks/GLUT.framework; sourceTree = SDKROOT; };
		1982F6F123F473FF00FE2CE5 /* OpenGL.framework */ = {isa = PBXFileReference; lastKnownFileType = wrapper.framework; name = OpenGL.framework; path = System/Library/Frameworks/OpenGL.framework; sourceTree = SDKROOT; };
/* End PBXFileReference section */

/* Begin PBXFrameworksBuildPhase section */
		1982F6CD23F4732200FE2CE5 /* Frameworks */ = {
			isa = PBXFrameworksBuildPhase;
			buildActionMask = 2147483647;
			files = (
				193D353625BBA03800D50C9E /* CoreAudio.framework in Frameworks */,
				193D353425BBA01D00D50C9E /* CoreMIDI.framework in Frameworks */,
				193D353225BB9FEF00D50C9E /* CoreFoundation.framework in Frameworks */,
				1982F6F023F473F900FE2CE5 /* GLUT.framework in Frameworks */,
				1982F6F223F473FF00FE2CE5 /* OpenGL.framework in Frameworks */,
			);
			runOnlyForDeploymentPostprocessing = 0;
		};
/* End PBXFrameworksBuildPhase section */

/* Begin PBXGroup section */
		191E586525BE087500980275 /* MicroFramework */ = {
			isa = PBXGroup;
			children = (
				191E5F2125BE087800980275 /* __core.cpp */,
				191E586825BE087500980275 /* _basic.h */,
				191E5F2325BE087800980275 /* _midi.h */,
				191E586725BE087500980275 /* _shader.h */,
				193DA33625BE15DB00C152BE /* _structs.h */,
				191E586925BE087500980275 /* _util.h */,
			);
			path = MicroFramework;
			sourceTree = "<group>";
		};
		1982F6C723F4732200FE2CE5 = {
			isa = PBXGroup;
			children = (
				193DA33725BE1F0900C152BE /* program.h */,
				191E586525BE087500980275 /* MicroFramework */,
				1982F6D123F4732200FE2CE5 /* Products */,
				1982F6EE23F473F900FE2CE5 /* Frameworks */,
			);
			sourceTree = "<group>";
		};
		1982F6D123F4732200FE2CE5 /* Products */ = {
			isa = PBXGroup;
			children = (
				1982F6D023F4732200FE2CE5 /* MicroFramework */,
			);
			name = Products;
			sourceTree = "<group>";
		};
		1982F6EE23F473F900FE2CE5 /* Frameworks */ = {
			isa = PBXGroup;
			children = (
				193D353525BBA03800D50C9E /* CoreAudio.framework */,
				193D353325BBA01D00D50C9E /* CoreMIDI.framework */,
				193D353125BB9FEF00D50C9E /* CoreFoundation.framework */,
				1982F6F123F473FF00FE2CE5 /* OpenGL.framework */,
				1982F6EF23F473F900FE2CE5 /* GLUT.framework */,
			);
			name = Frameworks;
			sourceTree = "<group>";
		};
/* End PBXGroup section */

/* Begin PBXNativeTarget section */
		1982F6CF23F4732200FE2CE5 /* MicroFramework */ = {
			isa = PBXNativeTarget;
			buildConfigurationList = 1982F6D723F4732200FE2CE5 /* Build configuration list for PBXNativeTarget "MicroFramework" */;
			buildPhases = (
				1982F6CC23F4732200FE2CE5 /* Sources */,
				1982F6CD23F4732200FE2CE5 /* Frameworks */,
				1982F6CE23F4732200FE2CE5 /* CopyFiles */,
			);
			buildRules = (
			);
			dependencies = (
			);
			name = MicroFramework;
			productName = MicroFramework;
			productReference = 1982F6D023F4732200FE2CE5 /* MicroFramework */;
			productType = "com.apple.product-type.tool";
		};
/* End PBXNativeTarget section */

/* Begin PBXProject section */
		1982F6C823F4732200FE2CE5 /* Project object */ = {
			isa = PBXProject;
			attributes = {
				LastUpgradeCheck = 1240;
				ORGANIZATIONNAME = z;
				TargetAttributes = {
					1982F6CF23F4732200FE2CE5 = {
						CreatedOnToolsVersion = 11.3.1;
					};
				};
			};
			buildConfigurationList = 1982F6CB23F4732200FE2CE5 /* Build configuration list for PBXProject "MicroFramework" */;
			compatibilityVersion = "Xcode 9.3";
			developmentRegion = en;
			hasScannedForEncodings = 0;
			knownRegions = (
				en,
				Base,
			);
			mainGroup = 1982F6C723F4732200FE2CE5;
			productRefGroup = 1982F6D123F4732200FE2CE5 /* Products */;
			projectDirPath = "";
			projectRoot = "";
			targets = (
				1982F6CF23F4732200FE2CE5 /* MicroFramework */,
			);
		};
/* End PBXProject section */

/* Begin PBXSourcesBuildPhase section */
		1982F6CC23F4732200FE2CE5 /* Sources */ = {
			isa = PBXSourcesBuildPhase;
			buildActionMask = 2147483647;
			files = (
				191E602A25BE087800980275 /* __core.cpp in Sources */,
			);
			runOnlyForDeploymentPostprocessing = 0;
		};
/* End PBXSourcesBuildPhase section */

/* Begin XCBuildConfiguration section */
		1982F6D523F4732200FE2CE5 /* Debug */ = {
			isa = XCBuildConfiguration;
			buildSettings = {
				ALWAYS_SEARCH_USER_PATHS = NO;
				CLANG_ANALYZER_NONNULL = YES;
				CLANG_ANALYZER_NUMBER_OBJECT_CONVERSION = YES_AGGRESSIVE;
				CLANG_CXX_LANGUAGE_STANDARD = "gnu++14";
				CLANG_CXX_LIBRARY = "libc++";
				CLANG_ENABLE_MODULES = YES;
				CLANG_ENABLE_OBJC_ARC = YES;
				CLANG_ENABLE_OBJC_WEAK = YES;
				CLANG_WARN_BLOCK_CAPTURE_AUTORELEASING = YES;
				CLANG_WARN_BOOL_CONVERSION = YES;
				CLANG_WARN_COMMA = YES;
				CLANG_WARN_CONSTANT_CONVERSION = YES;
				CLANG_WARN_DEPRECATED_OBJC_IMPLEMENTATIONS = YES;
				CLANG_WARN_DIRECT_OBJC_ISA_USAGE = YES_ERROR;
				CLANG_WARN_DOCUMENTATION_COMMENTS = YES;
				CLANG_WARN_EMPTY_BODY = YES;
				CLANG_WARN_ENUM_CONVERSION = YES;
				CLANG_WARN_INFINITE_RECURSION = YES;
				CLANG_WARN_INT_CONVERSION = YES;
				CLANG_WARN_NON_LITERAL_NULL_CONVERSION = YES;
				CLANG_WARN_OBJC_IMPLICIT_RETAIN_SELF = YES;
				CLANG_WARN_OBJC_LITERAL_CONVERSION = YES;
				CLANG_WARN_OBJC_ROOT_CLASS = YES_ERROR;
				CLANG_WARN_QUOTED_INCLUDE_IN_FRAMEWORK_HEADER = YES;
				CLANG_WARN_RANGE_LOOP_ANALYSIS = YES;
				CLANG_WARN_STRICT_PROTOTYPES = YES;
				CLANG_WARN_SUSPICIOUS_MOVE = YES;
				CLANG_WARN_UNGUARDED_AVAILABILITY = YES_AGGRESSIVE;
				CLANG_WARN_UNREACHABLE_CODE = YES;
				CLANG_WARN__DUPLICATE_METHOD_MATCH = YES;
				COPY_PHASE_STRIP = NO;
				DEBUG_INFORMATION_FORMAT = dwarf;
				ENABLE_STRICT_OBJC_MSGSEND = YES;
				ENABLE_TESTABILITY = YES;
				GCC_C_LANGUAGE_STANDARD = gnu11;
				GCC_DYNAMIC_NO_PIC = NO;
				GCC_NO_COMMON_BLOCKS = YES;
				GCC_OPTIMIZATION_LEVEL = 0;
				GCC_PREPROCESSOR_DEFINITIONS = (
					"DEBUG=1",
					"$(inherited)",
				);
				GCC_VERSION = "";
				GCC_WARN_64_TO_32_BIT_CONVERSION = YES;
				GCC_WARN_ABOUT_RETURN_TYPE = YES_ERROR;
				GCC_WARN_UNDECLARED_SELECTOR = YES;
				GCC_WARN_UNINITIALIZED_AUTOS = YES_AGGRESSIVE;
				GCC_WARN_UNUSED_FUNCTION = YES;
				GCC_WARN_UNUSED_VARIABLE = YES;
				MACOSX_DEPLOYMENT_TARGET = 10.15;
				MTL_ENABLE_DEBUG_INFO = INCLUDE_SOURCE;
				MTL_FAST_MATH = YES;
				ONLY_ACTIVE_ARCH = YES;
				SDKROOT = macosx;
				SYMROOT = $SOURCE_ROOT;
				VALID_ARCHS = x86_64;
			};
			name = Debug;
		};
		1982F6D623F4732200FE2CE5 /* Release */ = {
			isa = XCBuildConfiguration;
			buildSettings = {
				ALWAYS_SEARCH_USER_PATHS = NO;
				CLANG_ANALYZER_NONNULL = YES;
				CLANG_ANALYZER_NUMBER_OBJECT_CONVERSION = YES_AGGRESSIVE;
				CLANG_CXX_LANGUAGE_STANDARD = "gnu++14";
				CLANG_CXX_LIBRARY = "libc++";
				CLANG_ENABLE_MODULES = YES;
				CLANG_ENABLE_OBJC_ARC = YES;
				CLANG_ENABLE_OBJC_WEAK = YES;
				CLANG_WARN_BLOCK_CAPTURE_AUTORELEASING = YES;
				CLANG_WARN_BOOL_CONVERSION = YES;
				CLANG_WARN_COMMA = YES;
				CLANG_WARN_CONSTANT_CONVERSION = YES;
				CLANG_WARN_DEPRECATED_OBJC_IMPLEMENTATIONS = YES;
				CLANG_WARN_DIRECT_OBJC_ISA_USAGE = YES_ERROR;
				CLANG_WARN_DOCUMENTATION_COMMENTS = YES;
				CLANG_WARN_EMPTY_BODY = YES;
				CLANG_WARN_ENUM_CONVERSION = YES;
				CLANG_WARN_INFINITE_RECURSION = YES;
				CLANG_WARN_INT_CONVERSION = YES;
				CLANG_WARN_NON_LITERAL_NULL_CONVERSION = YES;
				CLANG_WARN_OBJC_IMPLICIT_RETAIN_SELF = YES;
				CLANG_WARN_OBJC_LITERAL_CONVERSION = YES;
				CLANG_WARN_OBJC_ROOT_CLASS = YES_ERROR;
				CLANG_WARN_QUOTED_INCLUDE_IN_FRAMEWORK_HEADER = YES;
				CLANG_WARN_RANGE_LOOP_ANALYSIS = YES;
				CLANG_WARN_STRICT_PROTOTYPES = YES;
				CLANG_WARN_SUSPICIOUS_MOVE = YES;
				CLANG_WARN_UNGUARDED_AVAILABILITY = YES_AGGRESSIVE;
				CLANG_WARN_UNREACHABLE_CODE = YES;
				CLANG_WARN__DUPLICATE_METHOD_MATCH = YES;
				COPY_PHASE_STRIP = NO;
				DEBUG_INFORMATION_FORMAT = "dwarf-with-dsym";
				ENABLE_NS_ASSERTIONS = NO;
				ENABLE_STRICT_OBJC_MSGSEND = YES;
				GCC_C_LANGUAGE_STANDARD = gnu11;
				GCC_NO_COMMON_BLOCKS = YES;
				GCC_VERSION = "";
				GCC_WARN_64_TO_32_BIT_CONVERSION = YES;
				GCC_WARN_ABOUT_RETURN_TYPE = YES_ERROR;
				GCC_WARN_UNDECLARED_SELECTOR = YES;
				GCC_WARN_UNINITIALIZED_AUTOS = YES_AGGRESSIVE;
				GCC_WARN_UNUSED_FUNCTION = YES;
				GCC_WARN_UNUSED_VARIABLE = YES;
				MACOSX_DEPLOYMENT_TARGET = 10.15;
				MTL_ENABLE_DEBUG_INFO = NO;
				MTL_FAST_MATH = YES;
				ONLY_ACTIVE_ARCH = YES;
				SDKROOT = macosx;
				SYMROOT = $SOURCE_ROOT;
				VALID_ARCHS = x86_64;
			};
			name = Release;
		};
		1982F6D823F4732200FE2CE5 /* Debug */ = {
			isa = XCBuildConfiguration;
			buildSettings = {
				ARCHS = "$(ARCHS_STANDARD)";
				CLANG_CXX_LANGUAGE_STANDARD = "c++17";
				CODE_SIGN_IDENTITY = "-";
				CODE_SIGN_STYLE = Automatic;
				GCC_PREPROCESSOR_DEFINITIONS = "RTMIDI17_HEADER_ONLY=1";
				GCC_VERSION = "";
				HEADER_SEARCH_PATHS = "$SOURCE_ROOT/**";
				PRODUCT_NAME = "$(TARGET_NAME)";
				SYMROOT = $SOURCE_ROOT;
				VALID_ARCHS = x86_64;
			};
			name = Debug;
		};
		1982F6D923F4732200FE2CE5 /* Release */ = {
			isa = XCBuildConfiguration;
			buildSettings = {
				ARCHS = "$(ARCHS_STANDARD)";
				CLANG_CXX_LANGUAGE_STANDARD = "c++17";
				CODE_SIGN_IDENTITY = "-";
				CODE_SIGN_STYLE = Automatic;
				GCC_PREPROCESSOR_DEFINITIONS = "RTMIDI17_HEADER_ONLY=1";
				GCC_VERSION = "";
				HEADER_SEARCH_PATHS = "$SOURCE_ROOT/**";
				ONLY_ACTIVE_ARCH = YES;
				PRODUCT_NAME = "$(TARGET_NAME)";
				SYMROOT = $SOURCE_ROOT;
				VALID_ARCHS = x86_64;
			};
			name = Release;
		};
/* End XCBuildConfiguration section */

/* Begin XCConfigurationList section */
		1982F6CB23F4732200FE2CE5 /* Build configuration list for PBXProject "MicroFramework" */ = {
			isa = XCConfigurationList;
			buildConfigurations = (
				1982F6D523F4732200FE2CE5 /* Debug */,
				1982F6D623F4732200FE2CE5 /* Release */,
			);
			defaultConfigurationIsVisible = 0;
			defaultConfigurationName = Release;
		};
		1982F6D723F4732200FE2CE5 /* Build configuration list for PBXNativeTarget "MicroFramework" */ = {
			isa = XCConfigurationList;
			buildConfigurations = (
				1982F6D823F4732200FE2CE5 /* Debug */,
				1982F6D923F4732200FE2CE5 /* Release */,
			);
			defaultConfigurationIsVisible = 0;
			defaultConfigurationName = Release;
		};
/* End XCConfigurationList section */
	};
	rootObject = 1982F6C823F4732200FE2CE5 /* Project object */;
}
